{"version":4,"terraform_version":"1.11.7","serial":1,"lineage":"4677e11a-d01d-363f-cc6b-b092b5ff26f3","outputs":{"backend_config_snippet":{"value":"bucket         = \"protosource-auth-tfstate-610753221705\"\nkey            = \"aws/protosource-auth.tfstate\"\nregion         = \"us-east-1\"\ndynamodb_table = \"protosource-auth-tofu-locks\"\nencrypt        = true\n","type":"string"},"lock_table":{"value":"protosource-auth-tofu-locks","type":"string"},"state_bucket":{"value":"protosource-auth-tfstate-610753221705","type":"string"}},"resources":[{"mode":"managed","type":"aws_dynamodb_table","name":"locks","provider":"provider[\"registry.opentofu.org/hashicorp/aws\"]","instances":[{"schema_version":1,"attributes":{"arn":"arn:aws:dynamodb:us-east-1:610753221705:table/protosource-auth-tofu-locks","attribute":[{"name":"LockID","type":"S"}],"billing_mode":"PAY_PER_REQUEST","deletion_protection_enabled":false,"global_secondary_index":[],"hash_key":"LockID","id":"protosource-auth-tofu-locks","import_table":[],"local_secondary_index":[],"name":"protosource-auth-tofu-locks","on_demand_throughput":[],"point_in_time_recovery":[{"enabled":false,"recovery_period_in_days":0}],"range_key":null,"read_capacity":0,"replica":[],"restore_date_time":null,"restore_source_name":null,"restore_source_table_arn":null,"restore_to_latest_time":null,"server_side_encryption":[],"stream_arn":"","stream_enabled":false,"stream_label":"","stream_view_type":"","table_class":"STANDARD","tags":null,"tags_all":{},"timeouts":null,"ttl":[{"attribute_name":"","enabled":false}],"write_capacity":0},"sensitive_attributes":[],"private":"eyJlMmJmYjczMC1lY2FhLTExZTYtOGY4OC0zNDM2M2JjN2M0YzAiOnsiY3JlYXRlIjoxODAwMDAwMDAwMDAwLCJkZWxldGUiOjYwMDAwMDAwMDAwMCwidXBkYXRlIjozNjAwMDAwMDAwMDAwfSwic2NoZW1hX3ZlcnNpb24iOiIxIn0="}]},{"mode":"managed","type":"aws_s3_bucket","name":"state","provider":"provider[\"registry.opentofu.org/hashicorp/aws\"]","instances":[{"schema_version":0,"attributes":{"acceleration_status":"","acl":null,"arn":"arn:aws:s3:::protosource-auth-tfstate-610753221705","bucket":"protosource-auth-tfstate-610753221705","bucket_domain_name":"protosource-auth-tfstate-610753221705.s3.amazonaws.com","bucket_prefix":"","bucket_regional_domain_name":"protosource-auth-tfstate-610753221705.s3.us-east-1.amazonaws.com","cors_rule":[],"force_destroy":false,"grant":[{"id":"16c94762b9e5584f2947051246d0d62fcf7b34b0f0219e95e5f11391c2c7b988","permissions":["FULL_CONTROL"],"type":"CanonicalUser","uri":""}],"hosted_zone_id":"Z3AQBSTGFYJSTF","id":"protosource-auth-tfstate-610753221705","lifecycle_rule":[],"logging":[],"object_lock_configuration":[],"object_lock_enabled":false,"policy":"","region":"us-east-1","replication_configuration":[],"request_payer":"BucketOwner","server_side_encryption_configuration":[{"rule":[{"apply_server_side_encryption_by_default":[{"kms_master_key_id":"","sse_algorithm":"AES256"}],"bucket_key_enabled":false}]}],"tags":null,"tags_all":{},"timeouts":null,"versioning":[{"enabled":false,"mfa_delete":false}],"website":[],"website_domain":null,"website_endpoint":null},"sensitive_attributes":[],"private":"eyJlMmJmYjczMC1lY2FhLTExZTYtOGY4OC0zNDM2M2JjN2M0YzAiOnsiY3JlYXRlIjoxMjAwMDAwMDAwMDAwLCJkZWxldGUiOjM2MDAwMDAwMDAwMDAsInJlYWQiOjEyMDAwMDAwMDAwMDAsInVwZGF0ZSI6MTIwMDAwMDAwMDAwMH19"}]},{"mode":"managed","type":"aws_s3_bucket_public_access_block","name":"state","provider":"provider[\"registry.opentofu.org/hashicorp/aws\"]","instances":[{"schema_version":0,"attributes":{"block_public_acls":true,"block_public_policy":true,"bucket":"protosource-auth-tfstate-610753221705","id":"protosource-auth-tfstate-610753221705","ignore_public_acls":true,"restrict_public_buckets":true},"sensitive_attributes":[],"private":"bnVsbA==","dependencies":["aws_s3_bucket.state"]}]},{"mode":"managed","type":"aws_s3_bucket_server_side_encryption_configuration","name":"state","provider":"provider[\"registry.opentofu.org/hashicorp/aws\"]","instances":[{"schema_version":0,"attributes":{"bucket":"protosource-auth-tfstate-610753221705","expected_bucket_owner":"","id":"protosource-auth-tfstate-610753221705","rule":[{"apply_server_side_encryption_by_default":[{"kms_master_key_id":"","sse_algorithm":"AES256"}],"bucket_key_enabled":null}]},"sensitive_attributes":[],"private":"bnVsbA==","dependencies":["aws_s3_bucket.state"]}]},{"mode":"managed","type":"aws_s3_bucket_versioning","name":"state","provider":"provider[\"registry.opentofu.org/hashicorp/aws\"]","instances":[{"schema_version":0,"attributes":{"bucket":"protosource-auth-tfstate-610753221705","expected_bucket_owner":"","id":"protosource-auth-tfstate-610753221705","mfa":null,"versioning_configuration":[{"mfa_delete":"","status":"Enabled"}]},"sensitive_attributes":[],"private":"bnVsbA==","dependencies":["aws_s3_bucket.state"]}]}],"check_results":null}
